// !$*UTF8*$!
{
	archiveVersion = 1;
	classes = {
	};
	objectVersion = 56;
	objects = {

/* Begin PBXBuildFile section */
		00E8142E6DABDC0B06DDA4E1 /* Pods_ShowtimeTests.framework in Frameworks */ = {isa = PBXBuildFile; fileRef = CBB1B25C3B52F5D24C07EA7B /* Pods_ShowtimeTests.framework */; };
		144920152AAF3754008C92D1 /* ShowtimeApp.swift in Sources */ = {isa = PBXBuildFile; fileRef = 144920142AAF3754008C92D1 /* ShowtimeApp.swift */; };
		144920172AAF3754008C92D1 /* ContentView.swift in Sources */ = {isa = PBXBuildFile; fileRef = 144920162AAF3754008C92D1 /* ContentView.swift */; };
		144920192AAF3755008C92D1 /* Assets.xcassets in Resources */ = {isa = PBXBuildFile; fileRef = 144920182AAF3755008C92D1 /* Assets.xcassets */; };
		1449201C2AAF3755008C92D1 /* Preview Assets.xcassets in Resources */ = {isa = PBXBuildFile; fileRef = 1449201B2AAF3755008C92D1 /* Preview Assets.xcassets */; };
		144920262AAF3755008C92D1 /* ShowtimeTests.swift in Sources */ = {isa = PBXBuildFile; fileRef = 144920252AAF3755008C92D1 /* ShowtimeTests.swift */; };
		144920302AAF3755008C92D1 /* ShowtimeUITests.swift in Sources */ = {isa = PBXBuildFile; fileRef = 1449202F2AAF3755008C92D1 /* ShowtimeUITests.swift */; };
		144920322AAF3755008C92D1 /* ShowtimeUITestsLaunchTests.swift in Sources */ = {isa = PBXBuildFile; fileRef = 144920312AAF3755008C92D1 /* ShowtimeUITestsLaunchTests.swift */; };
		56D67C86AC37DFC1CD6B5202 /* Pods_Showtime.framework in Frameworks */ = {isa = PBXBuildFile; fileRef = 8008E05885D882857E7010FE /* Pods_Showtime.framework */; };
		B71EB4B8252B5D3F9192B57E /* Pods_Showtime_ShowtimeUITests.framework in Frameworks */ = {isa = PBXBuildFile; fileRef = F9CBB5BC767228908F96DAF7 /* Pods_Showtime_ShowtimeUITests.framework */; };
/* End PBXBuildFile section */

/* Begin PBXContainerItemProxy section */
		144920222AAF3755008C92D1 /* PBXContainerItemProxy */ = {
			isa = PBXContainerItemProxy;
			containerPortal = 144920092AAF3754008C92D1 /* Project object */;
			proxyType = 1;
			remoteGlobalIDString = 144920102AAF3754008C92D1;
			remoteInfo = Showtime;
		};
		1449202C2AAF3755008C92D1 /* PBXContainerItemProxy */ = {
			isa = PBXContainerItemProxy;
			containerPortal = 144920092AAF3754008C92D1 /* Project object */;
			proxyType = 1;
			remoteGlobalIDString = 144920102AAF3754008C92D1;
			remoteInfo = Showtime;
		};
/* End PBXContainerItemProxy section */

/* Begin PBXFileReference section */
		144920112AAF3754008C92D1 /* Showtime.app */ = {isa = PBXFileReference; explicitFileType = wrapper.application; includeInIndex = 0; path = Showtime.app; sourceTree = BUILT_PRODUCTS_DIR; };
		144920142AAF3754008C92D1 /* ShowtimeApp.swift */ = {isa = PBXFileReference; lastKnownFileType = sourcecode.swift; path = ShowtimeApp.swift; sourceTree = "<group>"; };
		144920162AAF3754008C92D1 /* ContentView.swift */ = {isa = PBXFileReference; lastKnownFileType = sourcecode.swift; path = ContentView.swift; sourceTree = "<group>"; };
		144920182AAF3755008C92D1 /* Assets.xcassets */ = {isa = PBXFileReference; lastKnownFileType = folder.assetcatalog; path = Assets.xcassets; sourceTree = "<group>"; };
		1449201B2AAF3755008C92D1 /* Preview Assets.xcassets */ = {isa = PBXFileReference; lastKnownFileType = folder.assetcatalog; path = "Preview Assets.xcassets"; sourceTree = "<group>"; };
		144920212AAF3755008C92D1 /* ShowtimeTests.xctest */ = {isa = PBXFileReference; explicitFileType = wrapper.cfbundle; includeInIndex = 0; path = ShowtimeTests.xctest; sourceTree = BUILT_PRODUCTS_DIR; };
		144920252AAF3755008C92D1 /* ShowtimeTests.swift */ = {isa = PBXFileReference; lastKnownFileType = sourcecode.swift; path = ShowtimeTests.swift; sourceTree = "<group>"; };
		1449202B2AAF3755008C92D1 /* ShowtimeUITests.xctest */ = {isa = PBXFileReference; explicitFileType = wrapper.cfbundle; includeInIndex = 0; path = ShowtimeUITests.xctest; sourceTree = BUILT_PRODUCTS_DIR; };
		1449202F2AAF3755008C92D1 /* ShowtimeUITests.swift */ = {isa = PBXFileReference; lastKnownFileType = sourcecode.swift; path = ShowtimeUITests.swift; sourceTree = "<group>"; };
		144920312AAF3755008C92D1 /* ShowtimeUITestsLaunchTests.swift */ = {isa = PBXFileReference; lastKnownFileType = sourcecode.swift; path = ShowtimeUITestsLaunchTests.swift; sourceTree = "<group>"; };
		19848D5C743FF787D5512099 /* Pods-Showtime.debug.xcconfig */ = {isa = PBXFileReference; includeInIndex = 1; lastKnownFileType = text.xcconfig; name = "Pods-Showtime.debug.xcconfig"; path = "Target Support Files/Pods-Showtime/Pods-Showtime.debug.xcconfig"; sourceTree = "<group>"; };
		3F131DE85E7F0F7FFDA6FADB /* Pods-ShowtimeTests.release.xcconfig */ = {isa = PBXFileReference; includeInIndex = 1; lastKnownFileType = text.xcconfig; name = "Pods-ShowtimeTests.release.xcconfig"; path = "Target Support Files/Pods-ShowtimeTests/Pods-ShowtimeTests.release.xcconfig"; sourceTree = "<group>"; };
		4C845C8360C9BA65CFB247ED /* Pods-Showtime-ShowtimeUITests.release.xcconfig */ = {isa = PBXFileReference; includeInIndex = 1; lastKnownFileType = text.xcconfig; name = "Pods-Showtime-ShowtimeUITests.release.xcconfig"; path = "Target Support Files/Pods-Showtime-ShowtimeUITests/Pods-Showtime-ShowtimeUITests.release.xcconfig"; sourceTree = "<group>"; };
		6D1FB3C1A9BA362F1613128D /* Pods-ShowtimeTests.debug.xcconfig */ = {isa = PBXFileReference; includeInIndex = 1; lastKnownFileType = text.xcconfig; name = "Pods-ShowtimeTests.debug.xcconfig"; path = "Target Support Files/Pods-ShowtimeTests/Pods-ShowtimeTests.debug.xcconfig"; sourceTree = "<group>"; };
		8008E05885D882857E7010FE /* Pods_Showtime.framework */ = {isa = PBXFileReference; explicitFileType = wrapper.framework; includeInIndex = 0; path = Pods_Showtime.framework; sourceTree = BUILT_PRODUCTS_DIR; };
		82668D6F6663EDED3CCC3878 /* Pods-Showtime.release.xcconfig */ = {isa = PBXFileReference; includeInIndex = 1; lastKnownFileType = text.xcconfig; name = "Pods-Showtime.release.xcconfig"; path = "Target Support Files/Pods-Showtime/Pods-Showtime.release.xcconfig"; sourceTree = "<group>"; };
		CBB1B25C3B52F5D24C07EA7B /* Pods_ShowtimeTests.framework */ = {isa = PBXFileReference; explicitFileType = wrapper.framework; includeInIndex = 0; path = Pods_ShowtimeTests.framework; sourceTree = BUILT_PRODUCTS_DIR; };
		D4143420A545CAF5C346CE8E /* Pods-Showtime-ShowtimeUITests.debug.xcconfig */ = {isa = PBXFileReference; includeInIndex = 1; lastKnownFileType = text.xcconfig; name = "Pods-Showtime-ShowtimeUITests.debug.xcconfig"; path = "Target Support Files/Pods-Showtime-ShowtimeUITests/Pods-Showtime-ShowtimeUITests.debug.xcconfig"; sourceTree = "<group>"; };
		F9CBB5BC767228908F96DAF7 /* Pods_Showtime_ShowtimeUITests.framework */ = {isa = PBXFileReference; explicitFileType = wrapper.framework; includeInIndex = 0; path = Pods_Showtime_ShowtimeUITests.framework; sourceTree = BUILT_PRODUCTS_DIR; };
/* End PBXFileReference section */

/* Begin PBXFrameworksBuildPhase section */
		1449200E2AAF3754008C92D1 /* Frameworks */ = {
			isa = PBXFrameworksBuildPhase;
			buildActionMask = 2147483647;
			files = (
				56D67C86AC37DFC1CD6B5202 /* Pods_Showtime.framework in Frameworks */,
			);
			runOnlyForDeploymentPostprocessing = 0;
		};
		1449201E2AAF3755008C92D1 /* Frameworks */ = {
			isa = PBXFrameworksBuildPhase;
			buildActionMask = 2147483647;
			files = (
				00E8142E6DABDC0B06DDA4E1 /* Pods_ShowtimeTests.framework in Frameworks */,
			);
			runOnlyForDeploymentPostprocessing = 0;
		};
		144920282AAF3755008C92D1 /* Frameworks */ = {
			isa = PBXFrameworksBuildPhase;
			buildActionMask = 2147483647;
			files = (
				B71EB4B8252B5D3F9192B57E /* Pods_Showtime_ShowtimeUITests.framework in Frameworks */,
			);
			runOnlyForDeploymentPostprocessing = 0;
		};
/* End PBXFrameworksBuildPhase section */

/* Begin PBXGroup section */
		144920082AAF3754008C92D1 = {
			isa = PBXGroup;
			children = (
				144920132AAF3754008C92D1 /* Showtime */,
				144920242AAF3755008C92D1 /* ShowtimeTests */,
				1449202E2AAF3755008C92D1 /* ShowtimeUITests */,
				144920122AAF3754008C92D1 /* Products */,
				BBF80EF87CFAB005C643DBD1 /* Pods */,
				54BAEC83E727072C54562614 /* Frameworks */,
			);
			sourceTree = "<group>";
		};
		144920122AAF3754008C92D1 /* Products */ = {
			isa = PBXGroup;
			children = (
				144920112AAF3754008C92D1 /* Showtime.app */,
				144920212AAF3755008C92D1 /* ShowtimeTests.xctest */,
				1449202B2AAF3755008C92D1 /* ShowtimeUITests.xctest */,
			);
			name = Products;
			sourceTree = "<group>";
		};
		144920132AAF3754008C92D1 /* Showtime */ = {
			isa = PBXGroup;
			children = (
				1449203E2AAF37A6008C92D1 /* Network */,
				144920412AAF37CC008C92D1 /* Model */,
				144920402AAF37C4008C92D1 /* View */,
				1449203F2AAF37B5008C92D1 /* ViewModel */,
				144920182AAF3755008C92D1 /* Assets.xcassets */,
				1449201A2AAF3755008C92D1 /* Preview Content */,
			);
			path = Showtime;
			sourceTree = "<group>";
		};
		1449201A2AAF3755008C92D1 /* Preview Content */ = {
			isa = PBXGroup;
			children = (
				1449201B2AAF3755008C92D1 /* Preview Assets.xcassets */,
			);
			path = "Preview Content";
			sourceTree = "<group>";
		};
		144920242AAF3755008C92D1 /* ShowtimeTests */ = {
			isa = PBXGroup;
			children = (
				144920252AAF3755008C92D1 /* ShowtimeTests.swift */,
			);
			path = ShowtimeTests;
			sourceTree = "<group>";
		};
		1449202E2AAF3755008C92D1 /* ShowtimeUITests */ = {
			isa = PBXGroup;
			children = (
				1449202F2AAF3755008C92D1 /* ShowtimeUITests.swift */,
				144920312AAF3755008C92D1 /* ShowtimeUITestsLaunchTests.swift */,
			);
			path = ShowtimeUITests;
			sourceTree = "<group>";
		};
		1449203E2AAF37A6008C92D1 /* Network */ = {
			isa = PBXGroup;
			children = (
			);
			path = Network;
			sourceTree = "<group>";
		};
		1449203F2AAF37B5008C92D1 /* ViewModel */ = {
			isa = PBXGroup;
			children = (
			);
			path = ViewModel;
			sourceTree = "<group>";
		};
		144920402AAF37C4008C92D1 /* View */ = {
			isa = PBXGroup;
			children = (
				144920142AAF3754008C92D1 /* ShowtimeApp.swift */,
				144920162AAF3754008C92D1 /* ContentView.swift */,
			);
			path = View;
			sourceTree = "<group>";
		};
		144920412AAF37CC008C92D1 /* Model */ = {
			isa = PBXGroup;
			children = (
			);
			path = Model;
			sourceTree = "<group>";
		};
		54BAEC83E727072C54562614 /* Frameworks */ = {
			isa = PBXGroup;
			children = (
				8008E05885D882857E7010FE /* Pods_Showtime.framework */,
				F9CBB5BC767228908F96DAF7 /* Pods_Showtime_ShowtimeUITests.framework */,
				CBB1B25C3B52F5D24C07EA7B /* Pods_ShowtimeTests.framework */,
			);
			name = Frameworks;
			sourceTree = "<group>";
		};
		BBF80EF87CFAB005C643DBD1 /* Pods */ = {
			isa = PBXGroup;
			children = (
				19848D5C743FF787D5512099 /* Pods-Showtime.debug.xcconfig */,
				82668D6F6663EDED3CCC3878 /* Pods-Showtime.release.xcconfig */,
				D4143420A545CAF5C346CE8E /* Pods-Showtime-ShowtimeUITests.debug.xcconfig */,
				4C845C8360C9BA65CFB247ED /* Pods-Showtime-ShowtimeUITests.release.xcconfig */,
				6D1FB3C1A9BA362F1613128D /* Pods-ShowtimeTests.debug.xcconfig */,
				3F131DE85E7F0F7FFDA6FADB /* Pods-ShowtimeTests.release.xcconfig */,
			);
			name = Pods;
			path = Pods;
			sourceTree = "<group>";
		};
/* End PBXGroup section */

/* Begin PBXNativeTarget section */
		144920102AAF3754008C92D1 /* Showtime */ = {
			isa = PBXNativeTarget;
			buildConfigurationList = 144920352AAF3755008C92D1 /* Build configuration list for PBXNativeTarget "Showtime" */;
			buildPhases = (
				14C7B11B36B358FC8032F674 /* [CP] Check Pods Manifest.lock */,
				1449200D2AAF3754008C92D1 /* Sources */,
				1449200E2AAF3754008C92D1 /* Frameworks */,
				1449200F2AAF3754008C92D1 /* Resources */,
			);
			buildRules = (
			);
			dependencies = (
			);
			name = Showtime;
			productName = Showtime;
			productReference = 144920112AAF3754008C92D1 /* Showtime.app */;
			productType = "com.apple.product-type.application";
		};
		144920202AAF3755008C92D1 /* ShowtimeTests */ = {
			isa = PBXNativeTarget;
			buildConfigurationList = 144920382AAF3755008C92D1 /* Build configuration list for PBXNativeTarget "ShowtimeTests" */;
			buildPhases = (
				C6D78CFEDE3F8987D99789C1 /* [CP] Check Pods Manifest.lock */,
				1449201D2AAF3755008C92D1 /* Sources */,
				1449201E2AAF3755008C92D1 /* Frameworks */,
				1449201F2AAF3755008C92D1 /* Resources */,
			);
			buildRules = (
			);
			dependencies = (
				144920232AAF3755008C92D1 /* PBXTargetDependency */,
			);
			name = ShowtimeTests;
			productName = ShowtimeTests;
			productReference = 144920212AAF3755008C92D1 /* ShowtimeTests.xctest */;
			productType = "com.apple.product-type.bundle.unit-test";
		};
		1449202A2AAF3755008C92D1 /* ShowtimeUITests */ = {
			isa = PBXNativeTarget;
			buildConfigurationList = 1449203B2AAF3755008C92D1 /* Build configuration list for PBXNativeTarget "ShowtimeUITests" */;
			buildPhases = (
				4FDF493C9A51BDB13D7A2D2D /* [CP] Check Pods Manifest.lock */,
				144920272AAF3755008C92D1 /* Sources */,
				144920282AAF3755008C92D1 /* Frameworks */,
				144920292AAF3755008C92D1 /* Resources */,
			);
			buildRules = (
			);
			dependencies = (
				1449202D2AAF3755008C92D1 /* PBXTargetDependency */,
			);
			name = ShowtimeUITests;
			productName = ShowtimeUITests;
			productReference = 1449202B2AAF3755008C92D1 /* ShowtimeUITests.xctest */;
			productType = "com.apple.product-type.bundle.ui-testing";
		};
/* End PBXNativeTarget section */

/* Begin PBXProject section */
		144920092AAF3754008C92D1 /* Project object */ = {
			isa = PBXProject;
			attributes = {
				BuildIndependentTargetsInParallel = 1;
				LastSwiftUpdateCheck = 1430;
				LastUpgradeCheck = 1430;
				TargetAttributes = {
					144920102AAF3754008C92D1 = {
						CreatedOnToolsVersion = 14.3.1;
					};
					144920202AAF3755008C92D1 = {
						CreatedOnToolsVersion = 14.3.1;
						TestTargetID = 144920102AAF3754008C92D1;
					};
					1449202A2AAF3755008C92D1 = {
						CreatedOnToolsVersion = 14.3.1;
						TestTargetID = 144920102AAF3754008C92D1;
					};
				};
			};
			buildConfigurationList = 1449200C2AAF3754008C92D1 /* Build configuration list for PBXProject "Showtime" */;
			compatibilityVersion = "Xcode 14.0";
			developmentRegion = en;
			hasScannedForEncodings = 0;
			knownRegions = (
				en,
				Base,
			);
			mainGroup = 144920082AAF3754008C92D1;
			productRefGroup = 144920122AAF3754008C92D1 /* Products */;
			projectDirPath = "";
			projectRoot = "";
			targets = (
				144920102AAF3754008C92D1 /* Showtime */,
				144920202AAF3755008C92D1 /* ShowtimeTests */,
				1449202A2AAF3755008C92D1 /* ShowtimeUITests */,
			);
		};
/* End PBXProject section */

/* Begin PBXResourcesBuildPhase section */
		1449200F2AAF3754008C92D1 /* Resources */ = {
			isa = PBXResourcesBuildPhase;
			buildActionMask = 2147483647;
			files = (
				1449201C2AAF3755008C92D1 /* Preview Assets.xcassets in Resources */,
				144920192AAF3755008C92D1 /* Assets.xcassets in Resources */,
			);
			runOnlyForDeploymentPostprocessing = 0;
		};
		1449201F2AAF3755008C92D1 /* Resources */ = {
			isa = PBXResourcesBuildPhase;
			buildActionMask = 2147483647;
			files = (
			);
			runOnlyForDeploymentPostprocessing = 0;
		};
		144920292AAF3755008C92D1 /* Resources */ = {
			isa = PBXResourcesBuildPhase;
			buildActionMask = 2147483647;
			files = (
			);
			runOnlyForDeploymentPostprocessing = 0;
		};
/* End PBXResourcesBuildPhase section */

/* Begin PBXShellScriptBuildPhase section */
		14C7B11B36B358FC8032F674 /* [CP] Check Pods Manifest.lock */ = {
			isa = PBXShellScriptBuildPhase;
			buildActionMask = 2147483647;
			files = (
			);
			inputFileListPaths = (
			);
			inputPaths = (
				"${PODS_PODFILE_DIR_PATH}/Podfile.lock",
				"${PODS_ROOT}/Manifest.lock",
			);
			name = "[CP] Check Pods Manifest.lock";
			outputFileListPaths = (
			);
			outputPaths = (
				"$(DERIVED_FILE_DIR)/Pods-Showtime-checkManifestLockResult.txt",
			);
			runOnlyForDeploymentPostprocessing = 0;
			shellPath = /bin/sh;
			shellScript = "diff \"${PODS_PODFILE_DIR_PATH}/Podfile.lock\" \"${PODS_ROOT}/Manifest.lock\" > /dev/null\nif [ $? != 0 ] ; then\n    # print error to STDERR\n    echo \"error: The sandbox is not in sync with the Podfile.lock. Run 'pod install' or update your CocoaPods installation.\" >&2\n    exit 1\nfi\n# This output is used by Xcode 'outputs' to avoid re-running this script phase.\necho \"SUCCESS\" > \"${SCRIPT_OUTPUT_FILE_0}\"\n";
			showEnvVarsInLog = 0;
		};
		4FDF493C9A51BDB13D7A2D2D /* [CP] Check Pods Manifest.lock */ = {
			isa = PBXShellScriptBuildPhase;
			buildActionMask = 2147483647;
			files = (
			);
			inputFileListPaths = (
			);
			inputPaths = (
				"${PODS_PODFILE_DIR_PATH}/Podfile.lock",
				"${PODS_ROOT}/Manifest.lock",
			);
			name = "[CP] Check Pods Manifest.lock";
			outputFileListPaths = (
			);
			outputPaths = (
				"$(DERIVED_FILE_DIR)/Pods-Showtime-ShowtimeUITests-checkManifestLockResult.txt",
			);
			runOnlyForDeploymentPostprocessing = 0;
			shellPath = /bin/sh;
			shellScript = "diff \"${PODS_PODFILE_DIR_PATH}/Podfile.lock\" \"${PODS_ROOT}/Manifest.lock\" > /dev/null\nif [ $? != 0 ] ; then\n    # print error to STDERR\n    echo \"error: The sandbox is not in sync with the Podfile.lock. Run 'pod install' or update your CocoaPods installation.\" >&2\n    exit 1\nfi\n# This output is used by Xcode 'outputs' to avoid re-running this script phase.\necho \"SUCCESS\" > \"${SCRIPT_OUTPUT_FILE_0}\"\n";
			showEnvVarsInLog = 0;
		};
		C6D78CFEDE3F8987D99789C1 /* [CP] Check Pods Manifest.lock */ = {
			isa = PBXShellScriptBuildPhase;
			buildActionMask = 2147483647;
			files = (
			);
			inputFileListPaths = (
			);
			inputPaths = (
				"${PODS_PODFILE_DIR_PATH}/Podfile.lock",
				"${PODS_ROOT}/Manifest.lock",
			);
			name = "[CP] Check Pods Manifest.lock";
			outputFileListPaths = (
			);
			outputPaths = (
				"$(DERIVED_FILE_DIR)/Pods-ShowtimeTests-checkManifestLockResult.txt",
			);
			runOnlyForDeploymentPostprocessing = 0;
			shellPath = /bin/sh;
			shellScript = "diff \"${PODS_PODFILE_DIR_PATH}/Podfile.lock\" \"${PODS_ROOT}/Manifest.lock\" > /dev/null\nif [ $? != 0 ] ; then\n    # print error to STDERR\n    echo \"error: The sandbox is not in sync with the Podfile.lock. Run 'pod install' or update your CocoaPods installation.\" >&2\n    exit 1\nfi\n# This output is used by Xcode 'outputs' to avoid re-running this script phase.\necho \"SUCCESS\" > \"${SCRIPT_OUTPUT_FILE_0}\"\n";
			showEnvVarsInLog = 0;
		};
/* End PBXShellScriptBuildPhase section */

/* Begin PBXSourcesBuildPhase section */
		1449200D2AAF3754008C92D1 /* Sources */ = {
			isa = PBXSourcesBuildPhase;
			buildActionMask = 2147483647;
			files = (
				144920172AAF3754008C92D1 /* ContentView.swift in Sources */,
				144920152AAF3754008C92D1 /* ShowtimeApp.swift in Sources */,
			);
			runOnlyForDeploymentPostprocessing = 0;
		};
		1449201D2AAF3755008C92D1 /* Sources */ = {
			isa = PBXSourcesBuildPhase;
			buildActionMask = 2147483647;
			files = (
				144920262AAF3755008C92D1 /* ShowtimeTests.swift in Sources */,
			);
			runOnlyForDeploymentPostprocessing = 0;
		};
		144920272AAF3755008C92D1 /* Sources */ = {
			isa = PBXSourcesBuildPhase;
			buildActionMask = 2147483647;
			files = (
				144920322AAF3755008C92D1 /* ShowtimeUITestsLaunchTests.swift in Sources */,
				144920302AAF3755008C92D1 /* ShowtimeUITests.swift in Sources */,
			);
			runOnlyForDeploymentPostprocessing = 0;
		};
/* End PBXSourcesBuildPhase section */

/* Begin PBXTargetDependency section */
		144920232AAF3755008C92D1 /* PBXTargetDependency */ = {
			isa = PBXTargetDependency;
			target = 144920102AAF3754008C92D1 /* Showtime */;
			targetProxy = 144920222AAF3755008C92D1 /* PBXContainerItemProxy */;
		};
		1449202D2AAF3755008C92D1 /* PBXTargetDependency */ = {
			isa = PBXTargetDependency;
			target = 144920102AAF3754008C92D1 /* Showtime */;
			targetProxy = 1449202C2AAF3755008C92D1 /* PBXContainerItemProxy */;
		};
/* End PBXTargetDependency section */

/* Begin XCBuildConfiguration section */
		144920332AAF3755008C92D1 /* Debug */ = {
			isa = XCBuildConfiguration;
			buildSettings = {
				ALWAYS_SEARCH_USER_PATHS = NO;
				CLANG_ANALYZER_NONNULL = YES;
				CLANG_ANALYZER_NUMBER_OBJECT_CONVERSION = YES_AGGRESSIVE;
				CLANG_CXX_LANGUAGE_STANDARD = "gnu++20";
				CLANG_ENABLE_MODULES = YES;
				CLANG_ENABLE_OBJC_ARC = YES;
				CLANG_ENABLE_OBJC_WEAK = YES;
				CLANG_WARN_BLOCK_CAPTURE_AUTORELEASING = YES;
				CLANG_WARN_BOOL_CONVERSION = YES;
				CLANG_WARN_COMMA = YES;
				CLANG_WARN_CONSTANT_CONVERSION = YES;
				CLANG_WARN_DEPRECATED_OBJC_IMPLEMENTATIONS = YES;
				CLANG_WARN_DIRECT_OBJC_ISA_USAGE = YES_ERROR;
				CLANG_WARN_DOCUMENTATION_COMMENTS = YES;
				CLANG_WARN_EMPTY_BODY = YES;
				CLANG_WARN_ENUM_CONVERSION = YES;
				CLANG_WARN_INFINITE_RECURSION = YES;
				CLANG_WARN_INT_CONVERSION = YES;
				CLANG_WARN_NON_LITERAL_NULL_CONVERSION = YES;
				CLANG_WARN_OBJC_IMPLICIT_RETAIN_SELF = YES;
				CLANG_WARN_OBJC_LITERAL_CONVERSION = YES;
				CLANG_WARN_OBJC_ROOT_CLASS = YES_ERROR;
				CLANG_WARN_QUOTED_INCLUDE_IN_FRAMEWORK_HEADER = YES;
				CLANG_WARN_RANGE_LOOP_ANALYSIS = YES;
				CLANG_WARN_STRICT_PROTOTYPES = YES;
				CLANG_WARN_SUSPICIOUS_MOVE = YES;
				CLANG_WARN_UNGUARDED_AVAILABILITY = YES_AGGRESSIVE;
				CLANG_WARN_UNREACHABLE_CODE = YES;
				CLANG_WARN__DUPLICATE_METHOD_MATCH = YES;
				COPY_PHASE_STRIP = NO;
				DEBUG_INFORMATION_FORMAT = dwarf;
				ENABLE_STRICT_OBJC_MSGSEND = YES;
				ENABLE_TESTABILITY = YES;
				GCC_C_LANGUAGE_STANDARD = gnu11;
				GCC_DYNAMIC_NO_PIC = NO;
				GCC_NO_COMMON_BLOCKS = YES;
				GCC_OPTIMIZATION_LEVEL = 0;
				GCC_PREPROCESSOR_DEFINITIONS = (
					"DEBUG=1",
					"$(inherited)",
				);
				GCC_WARN_64_TO_32_BIT_CONVERSION = YES;
				GCC_WARN_ABOUT_RETURN_TYPE = YES_ERROR;
				GCC_WARN_UNDECLARED_SELECTOR = YES;
				GCC_WARN_UNINITIALIZED_AUTOS = YES_AGGRESSIVE;
				GCC_WARN_UNUSED_FUNCTION = YES;
				GCC_WARN_UNUSED_VARIABLE = YES;
				IPHONEOS_DEPLOYMENT_TARGET = 16.4;
				MTL_ENABLE_DEBUG_INFO = INCLUDE_SOURCE;
				MTL_FAST_MATH = YES;
				ONLY_ACTIVE_ARCH = YES;
				SDKROOT = iphoneos;
				SWIFT_ACTIVE_COMPILATION_CONDITIONS = DEBUG;
				SWIFT_OPTIMIZATION_LEVEL = "-Onone";
			};
			name = Debug;
		};
		144920342AAF3755008C92D1 /* Release */ = {
			isa = XCBuildConfiguration;
			buildSettings = {
				ALWAYS_SEARCH_USER_PATHS = NO;
				CLANG_ANALYZER_NONNULL = YES;
				CLANG_ANALYZER_NUMBER_OBJECT_CONVERSION = YES_AGGRESSIVE;
				CLANG_CXX_LANGUAGE_STANDARD = "gnu++20";
				CLANG_ENABLE_MODULES = YES;
				CLANG_ENABLE_OBJC_ARC = YES;
				CLANG_ENABLE_OBJC_WEAK = YES;
				CLANG_WARN_BLOCK_CAPTURE_AUTORELEASING = YES;
				CLANG_WARN_BOOL_CONVERSION = YES;
				CLANG_WARN_COMMA = YES;
				CLANG_WARN_CONSTANT_CONVERSION = YES;
				CLANG_WARN_DEPRECATED_OBJC_IMPLEMENTATIONS = YES;
				CLANG_WARN_DIRECT_OBJC_ISA_USAGE = YES_ERROR;
				CLANG_WARN_DOCUMENTATION_COMMENTS = YES;
				CLANG_WARN_EMPTY_BODY = YES;
				CLANG_WARN_ENUM_CONVERSION = YES;
				CLANG_WARN_INFINITE_RECURSION = YES;
				CLANG_WARN_INT_CONVERSION = YES;
				CLANG_WARN_NON_LITERAL_NULL_CONVERSION = YES;
				CLANG_WARN_OBJC_IMPLICIT_RETAIN_SELF = YES;
				CLANG_WARN_OBJC_LITERAL_CONVERSION = YES;
				CLANG_WARN_OBJC_ROOT_CLASS = YES_ERROR;
				CLANG_WARN_QUOTED_INCLUDE_IN_FRAMEWORK_HEADER = YES;
				CLANG_WARN_RANGE_LOOP_ANALYSIS = YES;
				CLANG_WARN_STRICT_PROTOTYPES = YES;
				CLANG_WARN_SUSPICIOUS_MOVE = YES;
				CLANG_WARN_UNGUARDED_AVAILABILITY = YES_AGGRESSIVE;
				CLANG_WARN_UNREACHABLE_CODE = YES;
				CLANG_WARN__DUPLICATE_METHOD_MATCH = YES;
				COPY_PHASE_STRIP = NO;
				DEBUG_INFORMATION_FORMAT = "dwarf-with-dsym";
				ENABLE_NS_ASSERTIONS = NO;
				ENABLE_STRICT_OBJC_MSGSEND = YES;
				GCC_C_LANGUAGE_STANDARD = gnu11;
				GCC_NO_COMMON_BLOCKS = YES;
				GCC_WARN_64_TO_32_BIT_CONVERSION = YES;
				GCC_WARN_ABOUT_RETURN_TYPE = YES_ERROR;
				GCC_WARN_UNDECLARED_SELECTOR = YES;
				GCC_WARN_UNINITIALIZED_AUTOS = YES_AGGRESSIVE;
				GCC_WARN_UNUSED_FUNCTION = YES;
				GCC_WARN_UNUSED_VARIABLE = YES;
				IPHONEOS_DEPLOYMENT_TARGET = 16.4;
				MTL_ENABLE_DEBUG_INFO = NO;
				MTL_FAST_MATH = YES;
				SDKROOT = iphoneos;
				SWIFT_COMPILATION_MODE = wholemodule;
				SWIFT_OPTIMIZATION_LEVEL = "-O";
				VALIDATE_PRODUCT = YES;
			};
			name = Release;
		};
		144920362AAF3755008C92D1 /* Debug */ = {
			isa = XCBuildConfiguration;
			baseConfigurationReference = 19848D5C743FF787D5512099 /* Pods-Showtime.debug.xcconfig */;
			buildSettings = {
				ASSETCATALOG_COMPILER_APPICON_NAME = AppIcon;
				ASSETCATALOG_COMPILER_GLOBAL_ACCENT_COLOR_NAME = AccentColor;
				CODE_SIGN_STYLE = Automatic;
				CURRENT_PROJECT_VERSION = 1;
				DEVELOPMENT_ASSET_PATHS = "\"Showtime/Preview Content\"";
				DEVELOPMENT_TEAM = A625V88GP5;
				ENABLE_PREVIEWS = YES;
				GENERATE_INFOPLIST_FILE = YES;
				INFOPLIST_KEY_UIApplicationSceneManifest_Generation = YES;
				INFOPLIST_KEY_UIApplicationSupportsIndirectInputEvents = YES;
				INFOPLIST_KEY_UILaunchScreen_Generation = YES;
				INFOPLIST_KEY_UISupportedInterfaceOrientations_iPad = "UIInterfaceOrientationPortrait UIInterfaceOrientationPortraitUpsideDown UIInterfaceOrientationLandscapeLeft UIInterfaceOrientationLandscapeRight";
				INFOPLIST_KEY_UISupportedInterfaceOrientations_iPhone = "UIInterfaceOrientationPortrait UIInterfaceOrientationLandscapeLeft UIInterfaceOrientationLandscapeRight";
				LD_RUNPATH_SEARCH_PATHS = (
					"$(inherited)",
					"@executable_path/Frameworks",
				);
				MARKETING_VERSION = 1.0;
				PRODUCT_BUNDLE_IDENTIFIER = com.erictoader.Showtime;
				PRODUCT_NAME = "$(TARGET_NAME)";
				SWIFT_EMIT_LOC_STRINGS = YES;
				SWIFT_VERSION = 5.0;
				TARGETED_DEVICE_FAMILY = "1,2";
			};
			name = Debug;
		};
		144920372AAF3755008C92D1 /* Release */ = {
			isa = XCBuildConfiguration;
			baseConfigurationReference = 82668D6F6663EDED3CCC3878 /* Pods-Showtime.release.xcconfig */;
			buildSettings = {
				ASSETCATALOG_COMPILER_APPICON_NAME = AppIcon;
				ASSETCATALOG_COMPILER_GLOBAL_ACCENT_COLOR_NAME = AccentColor;
				CODE_SIGN_STYLE = Automatic;
				CURRENT_PROJECT_VERSION = 1;
				DEVELOPMENT_ASSET_PATHS = "\"Showtime/Preview Content\"";
				DEVELOPMENT_TEAM = A625V88GP5;
				ENABLE_PREVIEWS = YES;
				GENERATE_INFOPLIST_FILE = YES;
				INFOPLIST_KEY_UIApplicationSceneManifest_Generation = YES;
				INFOPLIST_KEY_UIApplicationSupportsIndirectInputEvents = YES;
				INFOPLIST_KEY_UILaunchScreen_Generation = YES;
				INFOPLIST_KEY_UISupportedInterfaceOrientations_iPad = "UIInterfaceOrientationPortrait UIInterfaceOrientationPortraitUpsideDown UIInterfaceOrientationLandscapeLeft UIInterfaceOrientationLandscapeRight";
				INFOPLIST_KEY_UISupportedInterfaceOrientations_iPhone = "UIInterfaceOrientationPortrait UIInterfaceOrientationLandscapeLeft UIInterfaceOrientationLandscapeRight";
				LD_RUNPATH_SEARCH_PATHS = (
					"$(inherited)",
					"@executable_path/Frameworks",
				);
				MARKETING_VERSION = 1.0;
				PRODUCT_BUNDLE_IDENTIFIER = com.erictoader.Showtime;
				PRODUCT_NAME = "$(TARGET_NAME)";
				SWIFT_EMIT_LOC_STRINGS = YES;
				SWIFT_VERSION = 5.0;
				TARGETED_DEVICE_FAMILY = "1,2";
			};
			name = Release;
		};
		144920392AAF3755008C92D1 /* Debug */ = {
			isa = XCBuildConfiguration;
			baseConfigurationReference = 6D1FB3C1A9BA362F1613128D /* Pods-ShowtimeTests.debug.xcconfig */;
			buildSettings = {
				ALWAYS_EMBED_SWIFT_STANDARD_LIBRARIES = YES;
				BUNDLE_LOADER = "$(TEST_HOST)";
				CODE_SIGN_STYLE = Automatic;
				CURRENT_PROJECT_VERSION = 1;
				DEVELOPMENT_TEAM = A625V88GP5;
				GENERATE_INFOPLIST_FILE = YES;
				IPHONEOS_DEPLOYMENT_TARGET = 16.4;
				MARKETING_VERSION = 1.0;
				PRODUCT_BUNDLE_IDENTIFIER = com.erictoader.ShowtimeTests;
				PRODUCT_NAME = "$(TARGET_NAME)";
				SWIFT_EMIT_LOC_STRINGS = NO;
				SWIFT_VERSION = 5.0;
				TARGETED_DEVICE_FAMILY = "1,2";
				TEST_HOST = "$(BUILT_PRODUCTS_DIR)/Showtime.app/$(BUNDLE_EXECUTABLE_FOLDER_PATH)/Showtime";
			};
			name = Debug;
		};
		1449203A2AAF3755008C92D1 /* Release */ = {
			isa = XCBuildConfiguration;
			baseConfigurationReference = 3F131DE85E7F0F7FFDA6FADB /* Pods-ShowtimeTests.release.xcconfig */;
			buildSettings = {
				ALWAYS_EMBED_SWIFT_STANDARD_LIBRARIES = YES;
				BUNDLE_LOADER = "$(TEST_HOST)";
				CODE_SIGN_STYLE = Automatic;
				CURRENT_PROJECT_VERSION = 1;
				DEVELOPMENT_TEAM = A625V88GP5;
				GENERATE_INFOPLIST_FILE = YES;
				IPHONEOS_DEPLOYMENT_TARGET = 16.4;
				MARKETING_VERSION = 1.0;
				PRODUCT_BUNDLE_IDENTIFIER = com.erictoader.ShowtimeTests;
				PRODUCT_NAME = "$(TARGET_NAME)";
				SWIFT_EMIT_LOC_STRINGS = NO;
				SWIFT_VERSION = 5.0;
				TARGETED_DEVICE_FAMILY = "1,2";
				TEST_HOST = "$(BUILT_PRODUCTS_DIR)/Showtime.app/$(BUNDLE_EXECUTABLE_FOLDER_PATH)/Showtime";
			};
			name = Release;
		};
		1449203C2AAF3755008C92D1 /* Debug */ = {
			isa = XCBuildConfiguration;
			baseConfigurationReference = D4143420A545CAF5C346CE8E /* Pods-Showtime-ShowtimeUITests.debug.xcconfig */;
			buildSettings = {
				ALWAYS_EMBED_SWIFT_STANDARD_LIBRARIES = YES;
				CODE_SIGN_STYLE = Automatic;
				CURRENT_PROJECT_VERSION = 1;
				DEVELOPMENT_TEAM = A625V88GP5;
				GENERATE_INFOPLIST_FILE = YES;
				MARKETING_VERSION = 1.0;
				PRODUCT_BUNDLE_IDENTIFIER = com.erictoader.ShowtimeUITests;
				PRODUCT_NAME = "$(TARGET_NAME)";
				SWIFT_EMIT_LOC_STRINGS = NO;
				SWIFT_VERSION = 5.0;
				TARGETED_DEVICE_FAMILY = "1,2";
				TEST_TARGET_NAME = Showtime;
			};
			name = Debug;
		};
		1449203D2AAF3755008C92D1 /* Release */ = {
			isa = XCBuildConfiguration;
			baseConfigurationReference = 4C845C8360C9BA65CFB247ED /* Pods-Showtime-ShowtimeUITests.release.xcconfig */;
			buildSettings = {
				ALWAYS_EMBED_SWIFT_STANDARD_LIBRARIES = YES;
				CODE_SIGN_STYLE = Automatic;
				CURRENT_PROJECT_VERSION = 1;
				DEVELOPMENT_TEAM = A625V88GP5;
				GENERATE_INFOPLIST_FILE = YES;
				MARKETING_VERSION = 1.0;
				PRODUCT_BUNDLE_IDENTIFIER = com.erictoader.ShowtimeUITests;
				PRODUCT_NAME = "$(TARGET_NAME)";
				SWIFT_EMIT_LOC_STRINGS = NO;
				SWIFT_VERSION = 5.0;
				TARGETED_DEVICE_FAMILY = "1,2";
				TEST_TARGET_NAME = Showtime;
			};
			name = Release;
		};
/* End XCBuildConfiguration section */

/* Begin XCConfigurationList section */
		1449200C2AAF3754008C92D1 /* Build configuration list for PBXProject "Showtime" */ = {
			isa = XCConfigurationList;
			buildConfigurations = (
				144920332AAF3755008C92D1 /* Debug */,
				144920342AAF3755008C92D1 /* Release */,
			);
			defaultConfigurationIsVisible = 0;
			defaultConfigurationName = Release;
		};
		144920352AAF3755008C92D1 /* Build configuration list for PBXNativeTarget "Showtime" */ = {
			isa = XCConfigurationList;
			buildConfigurations = (
				144920362AAF3755008C92D1 /* Debug */,
				144920372AAF3755008C92D1 /* Release */,
			);
			defaultConfigurationIsVisible = 0;
			defaultConfigurationName = Release;
		};
		144920382AAF3755008C92D1 /* Build configuration list for PBXNativeTarget "ShowtimeTests" */ = {
			isa = XCConfigurationList;
			buildConfigurations = (
				144920392AAF3755008C92D1 /* Debug */,
				1449203A2AAF3755008C92D1 /* Release */,
			);
			defaultConfigurationIsVisible = 0;
			defaultConfigurationName = Release;
		};
		1449203B2AAF3755008C92D1 /* Build configuration list for PBXNativeTarget "ShowtimeUITests" */ = {
			isa = XCConfigurationList;
			buildConfigurations = (
				1449203C2AAF3755008C92D1 /* Debug */,
				1449203D2AAF3755008C92D1 /* Release */,
			);
			defaultConfigurationIsVisible = 0;
			defaultConfigurationName = Release;
		};
/* End XCConfigurationList section */
	};
	rootObject = 144920092AAF3754008C92D1 /* Project object */;
}
